# @generated by Move, please check-in and do not edit manually.

[move]
version = 3
manifest_digest = "1DB611BB7FAEEA8DBAE8741079F8DDD0312B8B3FF6D6E65209CD57CA1757A648"
deps_digest = "F8BBB0CCB2491CA29A3DF03D6F92277A4F3574266507ACD77214D37ECA3F3082"
dependencies = [
  { id = "Iota", name = "Iota" },
]

[[move.package]]
id = "Iota"
source = { git = "https://github.com/iotaledger/iota.git", rev = "testnet", subdir = "crates/iota-framework/packages/iota-framework" }

dependencies = [
  { id = "MoveStdlib", name = "MoveStdlib" },
]

[[move.package]]
id = "MoveStdlib"
source = { git = "https://github.com/iotaledger/iota.git", rev = "testnet", subdir = "crates/iota-framework/packages/move-stdlib" }

[move.toolchain-version]
compiler-version = "1.3.1-rc"
edition = "2024.beta"
flavor = "iota"

[env]

[env.test]
chain-id = "2304aa97"
original-published-id = "0x742564b9dd2e370b9a9631be3f5c70b383b319dd8a598af5ab7e3c0b3b3d6261"
latest-published-id = "0x742564b9dd2e370b9a9631be3f5c70b383b319dd8a598af5ab7e3c0b3b3d6261"
published-version = "1"
