# @generated by Move, please check-in and do not edit manually.

[move]
version = 3
manifest_digest = "277D98136AAD2060566EDF95627B79F89A4F31D4C0270090E40BD653A2C005D9"
deps_digest = "F8BBB0CCB2491CA29A3DF03D6F92277A4F3574266507ACD77214D37ECA3F3082"
dependencies = [
  { id = "Iota", name = "Iota" },
]

[[move.package]]
id = "Iota"
source = { git = "https://github.com/iotaledger/iota.git", rev = "develop", subdir = "crates/iota-framework/packages/iota-framework" }

dependencies = [
  { id = "MoveStdlib", name = "MoveStdlib" },
]

[[move.package]]
id = "MoveStdlib"
source = { git = "https://github.com/iotaledger/iota.git", rev = "develop", subdir = "crates/iota-framework/packages/move-stdlib" }

[move.toolchain-version]
compiler-version = "1.2.2-rc"
edition = "2024.beta"
flavor = "iota"

[env]

[env.testnet]
chain-id = "2304aa97"
original-published-id = "0x3ee3eba9d1c998d0865ccef4b804de81f625fd849ef56facb81c83b01a4f7e79"
latest-published-id = "0x3ee3eba9d1c998d0865ccef4b804de81f625fd849ef56facb81c83b01a4f7e79"
published-version = "1"
