# @generated by Move, please check-in and do not edit manually.

[move]
version = 3
manifest_digest = "9A858A3BC25F74C00EBABF12F5C9F436954066692B8D30A9E8591030DF551F00"
deps_digest = "F8BBB0CCB2491CA29A3DF03D6F92277A4F3574266507ACD77214D37ECA3F3082"
dependencies = [
  { id = "Iota", name = "Iota" },
]

[[move.package]]
id = "Iota"
source = { git = "https://github.com/iotaledger/iota.git", rev = "framework/testnet", subdir = "crates/iota-framework/packages/iota-framework" }

dependencies = [
  { id = "MoveStdlib", name = "MoveStdlib" },
]

[[move.package]]
id = "MoveStdlib"
source = { git = "https://github.com/iotaledger/iota.git", rev = "framework/testnet", subdir = "crates/iota-framework/packages/move-stdlib" }

[move.toolchain-version]
compiler-version = "1.3.1-rc"
edition = "2024.beta"
flavor = "iota"

[env]

[env.test]
chain-id = "2304aa97"
original-published-id = "0xa3e446eecba022d0c60d6243e8dfe8763820764e23c3a2870fa6b324f411fc64"
latest-published-id = "0xa3e446eecba022d0c60d6243e8dfe8763820764e23c3a2870fa6b324f411fc64"
published-version = "1"
